
Microsoft Visual Studio Solution File, Format Version 12.00
# Visual Studio Version 17
VisualStudioVersion = 17.0.31903.59
MinimumVisualStudioVersion = 10.0.40219.1
Project("{FAE04EC0-301F-11D3-BF4B-00C04F79EFBC}") = "Zendesk", "Zendesk\Zendesk.csproj", "{229976F3-1BCC-4383-B414-DC88CF377FEF}"
EndProject
Global
	GlobalSection(SolutionConfigurationPlatforms) = preSolution
		Debug|Any CPU = Debug|Any CPU
		Release|Any CPU = Release|Any CPU
	EndGlobalSection
	GlobalSection(ProjectConfigurationPlatforms) = postSolution
		{229976F3-1BCC-4383-B414-DC88CF377FEF}.Debug|Any CPU.ActiveCfg = Debug|Any CPU
		{229976F3-1BCC-4383-B414-DC88CF377FEF}.Debug|Any CPU.Build.0 = Debug|Any CPU
		{229976F3-1BCC-4383-B414-DC88CF377FEF}.Release|Any CPU.ActiveCfg = Release|Any CPU
		{229976F3-1BCC-4383-B414-DC88CF377FEF}.Release|Any CPU.Build.0 = Release|Any CPU
	EndGlobalSection
	GlobalSection(SolutionProperties) = preSolution
		HideSolutionNode = FALSE
	EndGlobalSection
	GlobalSection(ExtensibilityGlobals) = postSolution
		SolutionGuid = {0B60B5A8-CAEB-4B95-BA11-D85F42ACC7E8}
	EndGlobalSection
EndGlobal
